
Microsoft Visual Studio Solution File, Format Version 12.00
# Visual Studio Version 17
VisualStudioVersion = 17.10.35122.118
MinimumVisualStudioVersion = 10.0.40219.1
Project("{8BC9CEB8-8B4A-11D0-8D11-00A0C91BC942}") = "shroudtopia", "shroudtopia\shroudtopia.vcxproj", "{7031243F-7A42-4DA4-B1CD-1EF3603463D6}"
	ProjectSection(ProjectDependencies) = postProject
		{6FCED408-75B2-4EF9-9E5F-3EC58B19249B} = {6FCED408-75B2-4EF9-9E5F-3EC58B19249B}
	EndProjectSection
EndProject
Project("{8BC9CEB8-8B4A-11D0-8D11-00A0C91BC942}") = "winmm", "winmm\winmm.vcxproj", "{6FCED408-75B2-4EF9-9E5F-3EC58B19249B}"
EndProject
Project("{8BC9CEB8-8B4A-11D0-8D11-00A0C91BC942}") = "basics_mod", "example-mods\basics_mod\basics_mod.vcxproj", "{00B374C8-36CA-435C-9A97-30892FF79F6C}"
	ProjectSection(ProjectDependencies) = postProject
		{7031243F-7A42-4DA4-B1CD-1EF3603463D6} = {7031243F-7A42-4DA4-B1CD-1EF3603463D6}
	EndProjectSection
EndProject
Project("{8BC9CEB8-8B4A-11D0-8D11-00A0C91BC942}") = "build_cam", "example-mods\build_cam\build_cam.vcxproj", "{DD54476D-EEAB-49D8-8BAA-48EDB8429493}"
	ProjectSection(ProjectDependencies) = postProject
		{7031243F-7A42-4DA4-B1CD-1EF3603463D6} = {7031243F-7A42-4DA4-B1CD-1EF3603463D6}
	EndProjectSection
EndProject
Project("{8BC9CEB8-8B4A-11D0-8D11-00A0C91BC942}") = "first_person_view", "example-mods\first_person_view\first_person_view.vcxproj", "{9D174757-4383-4332-BD15-582A97C093C0}"
	ProjectSection(ProjectDependencies) = postProject
		{7031243F-7A42-4DA4-B1CD-1EF3603463D6} = {7031243F-7A42-4DA4-B1CD-1EF3603463D6}
	EndProjectSection
EndProject
Project("{8BC9CEB8-8B4A-11D0-8D11-00A0C91BC942}") = "flight_mod", "example-mods\flight_mod\flight_mod.vcxproj", "{DD2FC863-151C-4C56-B1DB-C9E8B4A7EC59}"
	ProjectSection(ProjectDependencies) = postProject
		{7031243F-7A42-4DA4-B1CD-1EF3603463D6} = {7031243F-7A42-4DA4-B1CD-1EF3603463D6}
	EndProjectSection
EndProject
Project("{8BC9CEB8-8B4A-11D0-8D11-00A0C91BC942}") = "whitelist", "example-mods\whitelist\whitelist.vcxproj", "{08B554CE-DB84-480D-BC62-47A911A1EA66}"
	ProjectSection(ProjectDependencies) = postProject
		{7031243F-7A42-4DA4-B1CD-1EF3603463D6} = {7031243F-7A42-4DA4-B1CD-1EF3603463D6}
	EndProjectSection
EndProject
Project("{2150E333-8FDC-42A3-9474-1A3956D46DE8}") = "example-mods", "example-mods", "{5941FDD9-EE60-4342-AFFA-D46A4F117CBE}"
EndProject
Global
	GlobalSection(SolutionConfigurationPlatforms) = preSolution
		Debug|x64 = Debug|x64
		Debug|x86 = Debug|x86
		Release|x64 = Release|x64
		Release|x86 = Release|x86
	EndGlobalSection
	GlobalSection(ProjectConfigurationPlatforms) = postSolution
		{7031243F-7A42-4DA4-B1CD-1EF3603463D6}.Debug|x64.ActiveCfg = Debug|x64
		{7031243F-7A42-4DA4-B1CD-1EF3603463D6}.Debug|x64.Build.0 = Debug|x64
		{7031243F-7A42-4DA4-B1CD-1EF3603463D6}.Debug|x86.ActiveCfg = Debug|Win32
		{7031243F-7A42-4DA4-B1CD-1EF3603463D6}.Debug|x86.Build.0 = Debug|Win32
		{7031243F-7A42-4DA4-B1CD-1EF3603463D6}.Release|x64.ActiveCfg = Release|x64
		{7031243F-7A42-4DA4-B1CD-1EF3603463D6}.Release|x64.Build.0 = Release|x64
		{7031243F-7A42-4DA4-B1CD-1EF3603463D6}.Release|x86.ActiveCfg = Release|Win32
		{7031243F-7A42-4DA4-B1CD-1EF3603463D6}.Release|x86.Build.0 = Release|Win32
		{6FCED408-75B2-4EF9-9E5F-3EC58B19249B}.Debug|x64.ActiveCfg = Debug|x64
		{6FCED408-75B2-4EF9-9E5F-3EC58B19249B}.Debug|x64.Build.0 = Debug|x64
		{6FCED408-75B2-4EF9-9E5F-3EC58B19249B}.Debug|x86.ActiveCfg = Debug|Win32
		{6FCED408-75B2-4EF9-9E5F-3EC58B19249B}.Debug|x86.Build.0 = Debug|Win32
		{6FCED408-75B2-4EF9-9E5F-3EC58B19249B}.Release|x64.ActiveCfg = Release|x64
		{6FCED408-75B2-4EF9-9E5F-3EC58B19249B}.Release|x64.Build.0 = Release|x64
		{6FCED408-75B2-4EF9-9E5F-3EC58B19249B}.Release|x86.ActiveCfg = Release|Win32
		{6FCED408-75B2-4EF9-9E5F-3EC58B19249B}.Release|x86.Build.0 = Release|Win32
		{00B374C8-36CA-435C-9A97-30892FF79F6C}.Debug|x64.ActiveCfg = Debug|x64
		{00B374C8-36CA-435C-9A97-30892FF79F6C}.Debug|x64.Build.0 = Debug|x64
		{00B374C8-36CA-435C-9A97-30892FF79F6C}.Debug|x86.ActiveCfg = Debug|Win32
		{00B374C8-36CA-435C-9A97-30892FF79F6C}.Debug|x86.Build.0 = Debug|Win32
		{00B374C8-36CA-435C-9A97-30892FF79F6C}.Release|x64.ActiveCfg = Release|x64
		{00B374C8-36CA-435C-9A97-30892FF79F6C}.Release|x64.Build.0 = Release|x64
		{00B374C8-36CA-435C-9A97-30892FF79F6C}.Release|x86.ActiveCfg = Release|Win32
		{00B374C8-36CA-435C-9A97-30892FF79F6C}.Release|x86.Build.0 = Release|Win32
		{DD54476D-EEAB-49D8-8BAA-48EDB8429493}.Debug|x64.ActiveCfg = Debug|x64
		{DD54476D-EEAB-49D8-8BAA-48EDB8429493}.Debug|x64.Build.0 = Debug|x64
		{DD54476D-EEAB-49D8-8BAA-48EDB8429493}.Debug|x86.ActiveCfg = Debug|Win32
		{DD54476D-EEAB-49D8-8BAA-48EDB8429493}.Debug|x86.Build.0 = Debug|Win32
		{DD54476D-EEAB-49D8-8BAA-48EDB8429493}.Release|x64.ActiveCfg = Release|x64
		{DD54476D-EEAB-49D8-8BAA-48EDB8429493}.Release|x64.Build.0 = Release|x64
		{DD54476D-EEAB-49D8-8BAA-48EDB8429493}.Release|x86.ActiveCfg = Release|Win32
		{DD54476D-EEAB-49D8-8BAA-48EDB8429493}.Release|x86.Build.0 = Release|Win32
		{9D174757-4383-4332-BD15-582A97C093C0}.Debug|x64.ActiveCfg = Debug|x64
		{9D174757-4383-4332-BD15-582A97C093C0}.Debug|x64.Build.0 = Debug|x64
		{9D174757-4383-4332-BD15-582A97C093C0}.Debug|x86.ActiveCfg = Debug|Win32
		{9D174757-4383-4332-BD15-582A97C093C0}.Debug|x86.Build.0 = Debug|Win32
		{9D174757-4383-4332-BD15-582A97C093C0}.Release|x64.ActiveCfg = Release|x64
		{9D174757-4383-4332-BD15-582A97C093C0}.Release|x64.Build.0 = Release|x64
		{9D174757-4383-4332-BD15-582A97C093C0}.Release|x86.ActiveCfg = Release|Win32
		{9D174757-4383-4332-BD15-582A97C093C0}.Release|x86.Build.0 = Release|Win32
		{DD2FC863-151C-4C56-B1DB-C9E8B4A7EC59}.Debug|x64.ActiveCfg = Debug|x64
		{DD2FC863-151C-4C56-B1DB-C9E8B4A7EC59}.Debug|x64.Build.0 = Debug|x64
		{DD2FC863-151C-4C56-B1DB-C9E8B4A7EC59}.Debug|x86.ActiveCfg = Debug|Win32
		{DD2FC863-151C-4C56-B1DB-C9E8B4A7EC59}.Debug|x86.Build.0 = Debug|Win32
		{DD2FC863-151C-4C56-B1DB-C9E8B4A7EC59}.Release|x64.ActiveCfg = Release|x64
		{DD2FC863-151C-4C56-B1DB-C9E8B4A7EC59}.Release|x64.Build.0 = Release|x64
		{DD2FC863-151C-4C56-B1DB-C9E8B4A7EC59}.Release|x86.ActiveCfg = Release|Win32
		{DD2FC863-151C-4C56-B1DB-C9E8B4A7EC59}.Release|x86.Build.0 = Release|Win32
		{08B554CE-DB84-480D-BC62-47A911A1EA66}.Debug|x64.ActiveCfg = Debug|x64
		{08B554CE-DB84-480D-BC62-47A911A1EA66}.Debug|x64.Build.0 = Debug|x64
		{08B554CE-DB84-480D-BC62-47A911A1EA66}.Debug|x86.ActiveCfg = Debug|Win32
		{08B554CE-DB84-480D-BC62-47A911A1EA66}.Debug|x86.Build.0 = Debug|Win32
		{08B554CE-DB84-480D-BC62-47A911A1EA66}.Release|x64.ActiveCfg = Release|x64
		{08B554CE-DB84-480D-BC62-47A911A1EA66}.Release|x64.Build.0 = Release|x64
		{08B554CE-DB84-480D-BC62-47A911A1EA66}.Release|x86.ActiveCfg = Release|Win32
		{08B554CE-DB84-480D-BC62-47A911A1EA66}.Release|x86.Build.0 = Release|Win32
	EndGlobalSection
	GlobalSection(SolutionProperties) = preSolution
		HideSolutionNode = FALSE
	EndGlobalSection
	GlobalSection(NestedProjects) = preSolution
		{00B374C8-36CA-435C-9A97-30892FF79F6C} = {5941FDD9-EE60-4342-AFFA-D46A4F117CBE}
		{DD54476D-EEAB-49D8-8BAA-48EDB8429493} = {5941FDD9-EE60-4342-AFFA-D46A4F117CBE}
		{9D174757-4383-4332-BD15-582A97C093C0} = {5941FDD9-EE60-4342-AFFA-D46A4F117CBE}
		{DD2FC863-151C-4C56-B1DB-C9E8B4A7EC59} = {5941FDD9-EE60-4342-AFFA-D46A4F117CBE}
		{08B554CE-DB84-480D-BC62-47A911A1EA66} = {5941FDD9-EE60-4342-AFFA-D46A4F117CBE}
	EndGlobalSection
	GlobalSection(ExtensibilityGlobals) = postSolution
		SolutionGuid = {DD52AE01-30FE-4EAE-A34C-38C3099DC237}
	EndGlobalSection
EndGlobal
