
Microsoft Visual Studio Solution File, Format Version 12.00
# Visual Studio Version 17
VisualStudioVersion = 17.10.35122.118
MinimumVisualStudioVersion = 10.0.40219.1
Project("{8BC9CEB8-8B4A-11D0-8D11-00A0C91BC942}") = "shroudtopia", "shroudtopia\shroudtopia.vcxproj", "{7031243F-7A42-4DA4-B1CD-1EF3603463D6}"
	ProjectSection(ProjectDependencies) = postProject
		{15051CE1-AB10-4239-973D-01B84F2AD0A9} = {15051CE1-AB10-4239-973D-01B84F2AD0A9}
		{6FCED408-75B2-4EF9-9E5F-3EC58B19249B} = {6FCED408-75B2-4EF9-9E5F-3EC58B19249B}
		{9E003186-9704-30A6-8978-295CC983A237} = {9E003186-9704-30A6-8978-295CC983A237}
	EndProjectSection
EndProject
Project("{8BC9CEB8-8B4A-11D0-8D11-00A0C91BC942}") = "winmm", "winmm\winmm.vcxproj", "{6FCED408-75B2-4EF9-9E5F-3EC58B19249B}"
EndProject
Project("{8BC9CEB8-8B4A-11D0-8D11-00A0C91BC942}") = "basics_mod", "example-mods\basics_mod\basics_mod.vcxproj", "{00B374C8-36CA-435C-9A97-30892FF79F6C}"
	ProjectSection(ProjectDependencies) = postProject
		{7031243F-7A42-4DA4-B1CD-1EF3603463D6} = {7031243F-7A42-4DA4-B1CD-1EF3603463D6}
	EndProjectSection
EndProject
Project("{8BC9CEB8-8B4A-11D0-8D11-00A0C91BC942}") = "first_person_view", "example-mods\first_person_view\first_person_view.vcxproj", "{9D174757-4383-4332-BD15-582A97C093C0}"
	ProjectSection(ProjectDependencies) = postProject
		{7031243F-7A42-4DA4-B1CD-1EF3603463D6} = {7031243F-7A42-4DA4-B1CD-1EF3603463D6}
	EndProjectSection
EndProject
Project("{8BC9CEB8-8B4A-11D0-8D11-00A0C91BC942}") = "flight_mod", "example-mods\flight_mod\flight_mod.vcxproj", "{DD2FC863-151C-4C56-B1DB-C9E8B4A7EC59}"
	ProjectSection(ProjectDependencies) = postProject
		{7031243F-7A42-4DA4-B1CD-1EF3603463D6} = {7031243F-7A42-4DA4-B1CD-1EF3603463D6}
	EndProjectSection
EndProject
Project("{2150E333-8FDC-42A3-9474-1A3956D46DE8}") = "example-mods", "example-mods", "{5941FDD9-EE60-4342-AFFA-D46A4F117CBE}"
EndProject
Project("{2150E333-8FDC-42A3-9474-1A3956D46DE8}") = "hijack", "hijack", "{5D5453AF-C615-4178-BB30-6EC6E6A5FCFD}"
EndProject
Project("{2150E333-8FDC-42A3-9474-1A3956D46DE8}") = "third-party", "third-party", "{A5E80825-8253-48FB-830A-663366E0C652}"
EndProject
Project("{8BC9CEB8-8B4A-11D0-8D11-00A0C91BC942}") = "distorm", "third-party\distorm\make\win32\cdistorm.vcxproj", "{15051CE1-AB10-4239-973D-01B84F2AD0A9}"
EndProject
Project("{8BC9CEB8-8B4A-11D0-8D11-00A0C91BC942}") = "funchook-static", "third-party\funchook\build\funchook-static.vcxproj", "{9E003186-9704-30A6-8978-295CC983A237}"
EndProject
Project("{2150E333-8FDC-42A3-9474-1A3956D46DE8}") = "include", "include", "{167AD0B7-C6A5-4924-965D-0B1ECF4F379A}"
	ProjectSection(SolutionItems) = preProject
		include\game_structures.h = include\game_structures.h
		include\memory_utils.h = include\memory_utils.h
		include\shroudtopia.h = include\shroudtopia.h
	EndProjectSection
EndProject
Project("{8BC9CEB8-8B4A-11D0-8D11-00A0C91BC942}") = "whitelist_mod", "example-mods\whitelist_mod\whitelist_mod.vcxproj", "{7420A09A-3786-4AAC-A82B-F796B7209F53}"
EndProject
Global
	GlobalSection(SolutionConfigurationPlatforms) = preSolution
		clib|x64 = clib|x64
		clib|x86 = clib|x86
		Debug|x64 = Debug|x64
		Debug|x86 = Debug|x86
		dll|x64 = dll|x64
		dll|x86 = dll|x86
		MinSizeRel|x64 = MinSizeRel|x64
		MinSizeRel|x86 = MinSizeRel|x86
		Release|x64 = Release|x64
		Release|x86 = Release|x86
		RelWithDebInfo|x64 = RelWithDebInfo|x64
		RelWithDebInfo|x86 = RelWithDebInfo|x86
	EndGlobalSection
	GlobalSection(ProjectConfigurationPlatforms) = postSolution
		{7031243F-7A42-4DA4-B1CD-1EF3603463D6}.clib|x64.ActiveCfg = Release|x64
		{7031243F-7A42-4DA4-B1CD-1EF3603463D6}.clib|x64.Build.0 = Release|x64
		{7031243F-7A42-4DA4-B1CD-1EF3603463D6}.clib|x86.ActiveCfg = Release|Win32
		{7031243F-7A42-4DA4-B1CD-1EF3603463D6}.clib|x86.Build.0 = Release|Win32
		{7031243F-7A42-4DA4-B1CD-1EF3603463D6}.Debug|x64.ActiveCfg = Debug|x64
		{7031243F-7A42-4DA4-B1CD-1EF3603463D6}.Debug|x64.Build.0 = Debug|x64
		{7031243F-7A42-4DA4-B1CD-1EF3603463D6}.Debug|x86.ActiveCfg = Debug|Win32
		{7031243F-7A42-4DA4-B1CD-1EF3603463D6}.Debug|x86.Build.0 = Debug|Win32
		{7031243F-7A42-4DA4-B1CD-1EF3603463D6}.dll|x64.ActiveCfg = Debug|x64
		{7031243F-7A42-4DA4-B1CD-1EF3603463D6}.dll|x64.Build.0 = Debug|x64
		{7031243F-7A42-4DA4-B1CD-1EF3603463D6}.dll|x86.ActiveCfg = Debug|Win32
		{7031243F-7A42-4DA4-B1CD-1EF3603463D6}.dll|x86.Build.0 = Debug|Win32
		{7031243F-7A42-4DA4-B1CD-1EF3603463D6}.MinSizeRel|x64.ActiveCfg = Release|x64
		{7031243F-7A42-4DA4-B1CD-1EF3603463D6}.MinSizeRel|x64.Build.0 = Release|x64
		{7031243F-7A42-4DA4-B1CD-1EF3603463D6}.MinSizeRel|x86.ActiveCfg = Release|Win32
		{7031243F-7A42-4DA4-B1CD-1EF3603463D6}.MinSizeRel|x86.Build.0 = Release|Win32
		{7031243F-7A42-4DA4-B1CD-1EF3603463D6}.Release|x64.ActiveCfg = Release|x64
		{7031243F-7A42-4DA4-B1CD-1EF3603463D6}.Release|x64.Build.0 = Release|x64
		{7031243F-7A42-4DA4-B1CD-1EF3603463D6}.Release|x86.ActiveCfg = Release|Win32
		{7031243F-7A42-4DA4-B1CD-1EF3603463D6}.Release|x86.Build.0 = Release|Win32
		{7031243F-7A42-4DA4-B1CD-1EF3603463D6}.RelWithDebInfo|x64.ActiveCfg = Release|x64
		{7031243F-7A42-4DA4-B1CD-1EF3603463D6}.RelWithDebInfo|x64.Build.0 = Release|x64
		{7031243F-7A42-4DA4-B1CD-1EF3603463D6}.RelWithDebInfo|x86.ActiveCfg = Release|Win32
		{7031243F-7A42-4DA4-B1CD-1EF3603463D6}.RelWithDebInfo|x86.Build.0 = Release|Win32
		{6FCED408-75B2-4EF9-9E5F-3EC58B19249B}.clib|x64.ActiveCfg = Release|x64
		{6FCED408-75B2-4EF9-9E5F-3EC58B19249B}.clib|x64.Build.0 = Release|x64
		{6FCED408-75B2-4EF9-9E5F-3EC58B19249B}.clib|x86.ActiveCfg = Release|Win32
		{6FCED408-75B2-4EF9-9E5F-3EC58B19249B}.clib|x86.Build.0 = Release|Win32
		{6FCED408-75B2-4EF9-9E5F-3EC58B19249B}.Debug|x64.ActiveCfg = Debug|x64
		{6FCED408-75B2-4EF9-9E5F-3EC58B19249B}.Debug|x64.Build.0 = Debug|x64
		{6FCED408-75B2-4EF9-9E5F-3EC58B19249B}.Debug|x86.ActiveCfg = Debug|Win32
		{6FCED408-75B2-4EF9-9E5F-3EC58B19249B}.Debug|x86.Build.0 = Debug|Win32
		{6FCED408-75B2-4EF9-9E5F-3EC58B19249B}.dll|x64.ActiveCfg = Debug|x64
		{6FCED408-75B2-4EF9-9E5F-3EC58B19249B}.dll|x64.Build.0 = Debug|x64
		{6FCED408-75B2-4EF9-9E5F-3EC58B19249B}.dll|x86.ActiveCfg = Debug|Win32
		{6FCED408-75B2-4EF9-9E5F-3EC58B19249B}.dll|x86.Build.0 = Debug|Win32
		{6FCED408-75B2-4EF9-9E5F-3EC58B19249B}.MinSizeRel|x64.ActiveCfg = Release|x64
		{6FCED408-75B2-4EF9-9E5F-3EC58B19249B}.MinSizeRel|x64.Build.0 = Release|x64
		{6FCED408-75B2-4EF9-9E5F-3EC58B19249B}.MinSizeRel|x86.ActiveCfg = Release|Win32
		{6FCED408-75B2-4EF9-9E5F-3EC58B19249B}.MinSizeRel|x86.Build.0 = Release|Win32
		{6FCED408-75B2-4EF9-9E5F-3EC58B19249B}.Release|x64.ActiveCfg = Release|x64
		{6FCED408-75B2-4EF9-9E5F-3EC58B19249B}.Release|x64.Build.0 = Release|x64
		{6FCED408-75B2-4EF9-9E5F-3EC58B19249B}.Release|x86.ActiveCfg = Release|Win32
		{6FCED408-75B2-4EF9-9E5F-3EC58B19249B}.Release|x86.Build.0 = Release|Win32
		{6FCED408-75B2-4EF9-9E5F-3EC58B19249B}.RelWithDebInfo|x64.ActiveCfg = Release|x64
		{6FCED408-75B2-4EF9-9E5F-3EC58B19249B}.RelWithDebInfo|x64.Build.0 = Release|x64
		{6FCED408-75B2-4EF9-9E5F-3EC58B19249B}.RelWithDebInfo|x86.ActiveCfg = Release|Win32
		{6FCED408-75B2-4EF9-9E5F-3EC58B19249B}.RelWithDebInfo|x86.Build.0 = Release|Win32
		{00B374C8-36CA-435C-9A97-30892FF79F6C}.clib|x64.ActiveCfg = Release|x64
		{00B374C8-36CA-435C-9A97-30892FF79F6C}.clib|x64.Build.0 = Release|x64
		{00B374C8-36CA-435C-9A97-30892FF79F6C}.clib|x86.ActiveCfg = Release|Win32
		{00B374C8-36CA-435C-9A97-30892FF79F6C}.clib|x86.Build.0 = Release|Win32
		{00B374C8-36CA-435C-9A97-30892FF79F6C}.Debug|x64.ActiveCfg = Debug|x64
		{00B374C8-36CA-435C-9A97-30892FF79F6C}.Debug|x64.Build.0 = Debug|x64
		{00B374C8-36CA-435C-9A97-30892FF79F6C}.Debug|x86.ActiveCfg = Debug|Win32
		{00B374C8-36CA-435C-9A97-30892FF79F6C}.Debug|x86.Build.0 = Debug|Win32
		{00B374C8-36CA-435C-9A97-30892FF79F6C}.dll|x64.ActiveCfg = Debug|x64
		{00B374C8-36CA-435C-9A97-30892FF79F6C}.dll|x64.Build.0 = Debug|x64
		{00B374C8-36CA-435C-9A97-30892FF79F6C}.dll|x86.ActiveCfg = Debug|Win32
		{00B374C8-36CA-435C-9A97-30892FF79F6C}.dll|x86.Build.0 = Debug|Win32
		{00B374C8-36CA-435C-9A97-30892FF79F6C}.MinSizeRel|x64.ActiveCfg = Release|x64
		{00B374C8-36CA-435C-9A97-30892FF79F6C}.MinSizeRel|x64.Build.0 = Release|x64
		{00B374C8-36CA-435C-9A97-30892FF79F6C}.MinSizeRel|x86.ActiveCfg = Release|Win32
		{00B374C8-36CA-435C-9A97-30892FF79F6C}.MinSizeRel|x86.Build.0 = Release|Win32
		{00B374C8-36CA-435C-9A97-30892FF79F6C}.Release|x64.ActiveCfg = Release|x64
		{00B374C8-36CA-435C-9A97-30892FF79F6C}.Release|x64.Build.0 = Release|x64
		{00B374C8-36CA-435C-9A97-30892FF79F6C}.Release|x86.ActiveCfg = Release|Win32
		{00B374C8-36CA-435C-9A97-30892FF79F6C}.Release|x86.Build.0 = Release|Win32
		{00B374C8-36CA-435C-9A97-30892FF79F6C}.RelWithDebInfo|x64.ActiveCfg = Release|x64
		{00B374C8-36CA-435C-9A97-30892FF79F6C}.RelWithDebInfo|x64.Build.0 = Release|x64
		{00B374C8-36CA-435C-9A97-30892FF79F6C}.RelWithDebInfo|x86.ActiveCfg = Release|Win32
		{00B374C8-36CA-435C-9A97-30892FF79F6C}.RelWithDebInfo|x86.Build.0 = Release|Win32
		{9D174757-4383-4332-BD15-582A97C093C0}.clib|x64.ActiveCfg = Release|x64
		{9D174757-4383-4332-BD15-582A97C093C0}.clib|x64.Build.0 = Release|x64
		{9D174757-4383-4332-BD15-582A97C093C0}.clib|x86.ActiveCfg = Release|Win32
		{9D174757-4383-4332-BD15-582A97C093C0}.clib|x86.Build.0 = Release|Win32
		{9D174757-4383-4332-BD15-582A97C093C0}.Debug|x64.ActiveCfg = Debug|x64
		{9D174757-4383-4332-BD15-582A97C093C0}.Debug|x64.Build.0 = Debug|x64
		{9D174757-4383-4332-BD15-582A97C093C0}.Debug|x86.ActiveCfg = Debug|Win32
		{9D174757-4383-4332-BD15-582A97C093C0}.Debug|x86.Build.0 = Debug|Win32
		{9D174757-4383-4332-BD15-582A97C093C0}.dll|x64.ActiveCfg = Debug|x64
		{9D174757-4383-4332-BD15-582A97C093C0}.dll|x64.Build.0 = Debug|x64
		{9D174757-4383-4332-BD15-582A97C093C0}.dll|x86.ActiveCfg = Debug|Win32
		{9D174757-4383-4332-BD15-582A97C093C0}.dll|x86.Build.0 = Debug|Win32
		{9D174757-4383-4332-BD15-582A97C093C0}.MinSizeRel|x64.ActiveCfg = Release|x64
		{9D174757-4383-4332-BD15-582A97C093C0}.MinSizeRel|x64.Build.0 = Release|x64
		{9D174757-4383-4332-BD15-582A97C093C0}.MinSizeRel|x86.ActiveCfg = Release|Win32
		{9D174757-4383-4332-BD15-582A97C093C0}.MinSizeRel|x86.Build.0 = Release|Win32
		{9D174757-4383-4332-BD15-582A97C093C0}.Release|x64.ActiveCfg = Release|x64
		{9D174757-4383-4332-BD15-582A97C093C0}.Release|x64.Build.0 = Release|x64
		{9D174757-4383-4332-BD15-582A97C093C0}.Release|x86.ActiveCfg = Release|Win32
		{9D174757-4383-4332-BD15-582A97C093C0}.Release|x86.Build.0 = Release|Win32
		{9D174757-4383-4332-BD15-582A97C093C0}.RelWithDebInfo|x64.ActiveCfg = Release|x64
		{9D174757-4383-4332-BD15-582A97C093C0}.RelWithDebInfo|x64.Build.0 = Release|x64
		{9D174757-4383-4332-BD15-582A97C093C0}.RelWithDebInfo|x86.ActiveCfg = Release|Win32
		{9D174757-4383-4332-BD15-582A97C093C0}.RelWithDebInfo|x86.Build.0 = Release|Win32
		{DD2FC863-151C-4C56-B1DB-C9E8B4A7EC59}.clib|x64.ActiveCfg = Release|x64
		{DD2FC863-151C-4C56-B1DB-C9E8B4A7EC59}.clib|x64.Build.0 = Release|x64
		{DD2FC863-151C-4C56-B1DB-C9E8B4A7EC59}.clib|x86.ActiveCfg = Release|Win32
		{DD2FC863-151C-4C56-B1DB-C9E8B4A7EC59}.clib|x86.Build.0 = Release|Win32
		{DD2FC863-151C-4C56-B1DB-C9E8B4A7EC59}.Debug|x64.ActiveCfg = Debug|x64
		{DD2FC863-151C-4C56-B1DB-C9E8B4A7EC59}.Debug|x64.Build.0 = Debug|x64
		{DD2FC863-151C-4C56-B1DB-C9E8B4A7EC59}.Debug|x86.ActiveCfg = Debug|Win32
		{DD2FC863-151C-4C56-B1DB-C9E8B4A7EC59}.Debug|x86.Build.0 = Debug|Win32
		{DD2FC863-151C-4C56-B1DB-C9E8B4A7EC59}.dll|x64.ActiveCfg = Debug|x64
		{DD2FC863-151C-4C56-B1DB-C9E8B4A7EC59}.dll|x64.Build.0 = Debug|x64
		{DD2FC863-151C-4C56-B1DB-C9E8B4A7EC59}.dll|x86.ActiveCfg = Debug|Win32
		{DD2FC863-151C-4C56-B1DB-C9E8B4A7EC59}.dll|x86.Build.0 = Debug|Win32
		{DD2FC863-151C-4C56-B1DB-C9E8B4A7EC59}.MinSizeRel|x64.ActiveCfg = Release|x64
		{DD2FC863-151C-4C56-B1DB-C9E8B4A7EC59}.MinSizeRel|x64.Build.0 = Release|x64
		{DD2FC863-151C-4C56-B1DB-C9E8B4A7EC59}.MinSizeRel|x86.ActiveCfg = Release|Win32
		{DD2FC863-151C-4C56-B1DB-C9E8B4A7EC59}.MinSizeRel|x86.Build.0 = Release|Win32
		{DD2FC863-151C-4C56-B1DB-C9E8B4A7EC59}.Release|x64.ActiveCfg = Release|x64
		{DD2FC863-151C-4C56-B1DB-C9E8B4A7EC59}.Release|x64.Build.0 = Release|x64
		{DD2FC863-151C-4C56-B1DB-C9E8B4A7EC59}.Release|x86.ActiveCfg = Release|Win32
		{DD2FC863-151C-4C56-B1DB-C9E8B4A7EC59}.Release|x86.Build.0 = Release|Win32
		{DD2FC863-151C-4C56-B1DB-C9E8B4A7EC59}.RelWithDebInfo|x64.ActiveCfg = Release|x64
		{DD2FC863-151C-4C56-B1DB-C9E8B4A7EC59}.RelWithDebInfo|x64.Build.0 = Release|x64
		{DD2FC863-151C-4C56-B1DB-C9E8B4A7EC59}.RelWithDebInfo|x86.ActiveCfg = Release|Win32
		{DD2FC863-151C-4C56-B1DB-C9E8B4A7EC59}.RelWithDebInfo|x86.Build.0 = Release|Win32
		{15051CE1-AB10-4239-973D-01B84F2AD0A9}.clib|x64.ActiveCfg = clib|x64
		{15051CE1-AB10-4239-973D-01B84F2AD0A9}.clib|x64.Build.0 = clib|x64
		{15051CE1-AB10-4239-973D-01B84F2AD0A9}.clib|x86.ActiveCfg = clib|Win32
		{15051CE1-AB10-4239-973D-01B84F2AD0A9}.clib|x86.Build.0 = clib|Win32
		{15051CE1-AB10-4239-973D-01B84F2AD0A9}.Debug|x64.ActiveCfg = dll|x64
		{15051CE1-AB10-4239-973D-01B84F2AD0A9}.Debug|x64.Build.0 = dll|x64
		{15051CE1-AB10-4239-973D-01B84F2AD0A9}.Debug|x86.ActiveCfg = dll|Win32
		{15051CE1-AB10-4239-973D-01B84F2AD0A9}.Debug|x86.Build.0 = dll|Win32
		{15051CE1-AB10-4239-973D-01B84F2AD0A9}.dll|x64.ActiveCfg = dll|x64
		{15051CE1-AB10-4239-973D-01B84F2AD0A9}.dll|x64.Build.0 = dll|x64
		{15051CE1-AB10-4239-973D-01B84F2AD0A9}.dll|x86.ActiveCfg = dll|Win32
		{15051CE1-AB10-4239-973D-01B84F2AD0A9}.dll|x86.Build.0 = dll|Win32
		{15051CE1-AB10-4239-973D-01B84F2AD0A9}.MinSizeRel|x64.ActiveCfg = dll|x64
		{15051CE1-AB10-4239-973D-01B84F2AD0A9}.MinSizeRel|x64.Build.0 = dll|x64
		{15051CE1-AB10-4239-973D-01B84F2AD0A9}.MinSizeRel|x86.ActiveCfg = dll|Win32
		{15051CE1-AB10-4239-973D-01B84F2AD0A9}.MinSizeRel|x86.Build.0 = dll|Win32
		{15051CE1-AB10-4239-973D-01B84F2AD0A9}.Release|x64.ActiveCfg = dll|x64
		{15051CE1-AB10-4239-973D-01B84F2AD0A9}.Release|x64.Build.0 = dll|x64
		{15051CE1-AB10-4239-973D-01B84F2AD0A9}.Release|x86.ActiveCfg = dll|Win32
		{15051CE1-AB10-4239-973D-01B84F2AD0A9}.Release|x86.Build.0 = dll|Win32
		{15051CE1-AB10-4239-973D-01B84F2AD0A9}.RelWithDebInfo|x64.ActiveCfg = dll|x64
		{15051CE1-AB10-4239-973D-01B84F2AD0A9}.RelWithDebInfo|x64.Build.0 = dll|x64
		{15051CE1-AB10-4239-973D-01B84F2AD0A9}.RelWithDebInfo|x86.ActiveCfg = dll|Win32
		{15051CE1-AB10-4239-973D-01B84F2AD0A9}.RelWithDebInfo|x86.Build.0 = dll|Win32
		{9E003186-9704-30A6-8978-295CC983A237}.clib|x64.ActiveCfg = RelWithDebInfo|x64
		{9E003186-9704-30A6-8978-295CC983A237}.clib|x64.Build.0 = RelWithDebInfo|x64
		{9E003186-9704-30A6-8978-295CC983A237}.clib|x86.ActiveCfg = RelWithDebInfo|x64
		{9E003186-9704-30A6-8978-295CC983A237}.clib|x86.Build.0 = RelWithDebInfo|x64
		{9E003186-9704-30A6-8978-295CC983A237}.Debug|x64.ActiveCfg = Debug|x64
		{9E003186-9704-30A6-8978-295CC983A237}.Debug|x64.Build.0 = Debug|x64
		{9E003186-9704-30A6-8978-295CC983A237}.Debug|x86.ActiveCfg = Debug|x64
		{9E003186-9704-30A6-8978-295CC983A237}.Debug|x86.Build.0 = Debug|x64
		{9E003186-9704-30A6-8978-295CC983A237}.dll|x64.ActiveCfg = Debug|x64
		{9E003186-9704-30A6-8978-295CC983A237}.dll|x64.Build.0 = Debug|x64
		{9E003186-9704-30A6-8978-295CC983A237}.dll|x86.ActiveCfg = Debug|x64
		{9E003186-9704-30A6-8978-295CC983A237}.dll|x86.Build.0 = Debug|x64
		{9E003186-9704-30A6-8978-295CC983A237}.MinSizeRel|x64.ActiveCfg = MinSizeRel|x64
		{9E003186-9704-30A6-8978-295CC983A237}.MinSizeRel|x64.Build.0 = MinSizeRel|x64
		{9E003186-9704-30A6-8978-295CC983A237}.MinSizeRel|x86.ActiveCfg = MinSizeRel|x64
		{9E003186-9704-30A6-8978-295CC983A237}.MinSizeRel|x86.Build.0 = MinSizeRel|x64
		{9E003186-9704-30A6-8978-295CC983A237}.Release|x64.ActiveCfg = Release|x64
		{9E003186-9704-30A6-8978-295CC983A237}.Release|x64.Build.0 = Release|x64
		{9E003186-9704-30A6-8978-295CC983A237}.Release|x86.ActiveCfg = Release|x64
		{9E003186-9704-30A6-8978-295CC983A237}.Release|x86.Build.0 = Release|x64
		{9E003186-9704-30A6-8978-295CC983A237}.RelWithDebInfo|x64.ActiveCfg = RelWithDebInfo|x64
		{9E003186-9704-30A6-8978-295CC983A237}.RelWithDebInfo|x64.Build.0 = RelWithDebInfo|x64
		{9E003186-9704-30A6-8978-295CC983A237}.RelWithDebInfo|x86.ActiveCfg = RelWithDebInfo|x64
		{9E003186-9704-30A6-8978-295CC983A237}.RelWithDebInfo|x86.Build.0 = RelWithDebInfo|x64
		{7420A09A-3786-4AAC-A82B-F796B7209F53}.clib|x64.ActiveCfg = Debug|x64
		{7420A09A-3786-4AAC-A82B-F796B7209F53}.clib|x64.Build.0 = Debug|x64
		{7420A09A-3786-4AAC-A82B-F796B7209F53}.clib|x86.ActiveCfg = Debug|Win32
		{7420A09A-3786-4AAC-A82B-F796B7209F53}.clib|x86.Build.0 = Debug|Win32
		{7420A09A-3786-4AAC-A82B-F796B7209F53}.Debug|x64.ActiveCfg = Debug|x64
		{7420A09A-3786-4AAC-A82B-F796B7209F53}.Debug|x64.Build.0 = Debug|x64
		{7420A09A-3786-4AAC-A82B-F796B7209F53}.Debug|x86.ActiveCfg = Debug|Win32
		{7420A09A-3786-4AAC-A82B-F796B7209F53}.Debug|x86.Build.0 = Debug|Win32
		{7420A09A-3786-4AAC-A82B-F796B7209F53}.dll|x64.ActiveCfg = Debug|x64
		{7420A09A-3786-4AAC-A82B-F796B7209F53}.dll|x64.Build.0 = Debug|x64
		{7420A09A-3786-4AAC-A82B-F796B7209F53}.dll|x86.ActiveCfg = Debug|Win32
		{7420A09A-3786-4AAC-A82B-F796B7209F53}.dll|x86.Build.0 = Debug|Win32
		{7420A09A-3786-4AAC-A82B-F796B7209F53}.MinSizeRel|x64.ActiveCfg = Debug|x64
		{7420A09A-3786-4AAC-A82B-F796B7209F53}.MinSizeRel|x64.Build.0 = Debug|x64
		{7420A09A-3786-4AAC-A82B-F796B7209F53}.MinSizeRel|x86.ActiveCfg = Debug|Win32
		{7420A09A-3786-4AAC-A82B-F796B7209F53}.MinSizeRel|x86.Build.0 = Debug|Win32
		{7420A09A-3786-4AAC-A82B-F796B7209F53}.Release|x64.ActiveCfg = Release|x64
		{7420A09A-3786-4AAC-A82B-F796B7209F53}.Release|x64.Build.0 = Release|x64
		{7420A09A-3786-4AAC-A82B-F796B7209F53}.Release|x86.ActiveCfg = Release|Win32
		{7420A09A-3786-4AAC-A82B-F796B7209F53}.Release|x86.Build.0 = Release|Win32
		{7420A09A-3786-4AAC-A82B-F796B7209F53}.RelWithDebInfo|x64.ActiveCfg = Release|x64
		{7420A09A-3786-4AAC-A82B-F796B7209F53}.RelWithDebInfo|x64.Build.0 = Release|x64
		{7420A09A-3786-4AAC-A82B-F796B7209F53}.RelWithDebInfo|x86.ActiveCfg = Release|Win32
		{7420A09A-3786-4AAC-A82B-F796B7209F53}.RelWithDebInfo|x86.Build.0 = Release|Win32
	EndGlobalSection
	GlobalSection(SolutionProperties) = preSolution
		HideSolutionNode = FALSE
	EndGlobalSection
	GlobalSection(NestedProjects) = preSolution
		{6FCED408-75B2-4EF9-9E5F-3EC58B19249B} = {5D5453AF-C615-4178-BB30-6EC6E6A5FCFD}
		{00B374C8-36CA-435C-9A97-30892FF79F6C} = {5941FDD9-EE60-4342-AFFA-D46A4F117CBE}
		{9D174757-4383-4332-BD15-582A97C093C0} = {5941FDD9-EE60-4342-AFFA-D46A4F117CBE}
		{DD2FC863-151C-4C56-B1DB-C9E8B4A7EC59} = {5941FDD9-EE60-4342-AFFA-D46A4F117CBE}
		{15051CE1-AB10-4239-973D-01B84F2AD0A9} = {A5E80825-8253-48FB-830A-663366E0C652}
		{9E003186-9704-30A6-8978-295CC983A237} = {A5E80825-8253-48FB-830A-663366E0C652}
		{7420A09A-3786-4AAC-A82B-F796B7209F53} = {5941FDD9-EE60-4342-AFFA-D46A4F117CBE}
	EndGlobalSection
	GlobalSection(ExtensibilityGlobals) = postSolution
		SolutionGuid = {DD52AE01-30FE-4EAE-A34C-38C3099DC237}
	EndGlobalSection
EndGlobal
